
Microsoft Visual Studio Solution File, Format Version 12.00
# Visual Studio Version 16
VisualStudioVersion = 16.0.31005.135
MinimumVisualStudioVersion = 10.0.40219.1
Project("{FAE04EC0-301F-11D3-BF4B-00C04F79EFBC}") = "PasswordKeeeper", "PasswordKeeeper\PasswordKeeeper.csproj", "{8E011CDA-EF89-4786-B56A-4409D92256D0}"
EndProject
Global
	GlobalSection(SolutionConfigurationPlatforms) = preSolution
		Debug|Any CPU = Debug|Any CPU
		Release|Any CPU = Release|Any CPU
	EndGlobalSection
	GlobalSection(ProjectConfigurationPlatforms) = postSolution
		{8E011CDA-EF89-4786-B56A-4409D92256D0}.Debug|Any CPU.ActiveCfg = Debug|Any CPU
		{8E011CDA-EF89-4786-B56A-4409D92256D0}.Debug|Any CPU.Build.0 = Debug|Any CPU
		{8E011CDA-EF89-4786-B56A-4409D92256D0}.Release|Any CPU.ActiveCfg = Release|Any CPU
		{8E011CDA-EF89-4786-B56A-4409D92256D0}.Release|Any CPU.Build.0 = Release|Any CPU
	EndGlobalSection
	GlobalSection(SolutionProperties) = preSolution
		HideSolutionNode = FALSE
	EndGlobalSection
	GlobalSection(ExtensibilityGlobals) = postSolution
		SolutionGuid = {7748CE1C-426E-44D9-A396-4A1AB2BEF76C}
	EndGlobalSection
EndGlobal
